
Microsoft Visual Studio Solution File, Format Version 12.00
# Visual Studio Version 17
VisualStudioVersion = 17.4.33103.184
MinimumVisualStudioVersion = 10.0.40219.1
Project("{FAE04EC0-301F-11D3-BF4B-00C04F79EFBC}") = "lesson_04_11", "lesson_04_11\lesson_04_11.csproj", "{814D420C-B005-4906-BBCF-745494E6FC3D}"
EndProject
Project("{FAE04EC0-301F-11D3-BF4B-00C04F79EFBC}") = "homework_07_11", "homework_07_11\homework_07_11.csproj", "{579AB460-BC56-431A-ABF9-BD425A62ACF0}"
EndProject
Project("{FAE04EC0-301F-11D3-BF4B-00C04F79EFBC}") = "homework_09_11", "homework_09_11\homework_09_11.csproj", "{27A7381E-DFD6-444C-A781-5E4ED32A8565}"
EndProject
Project("{FAE04EC0-301F-11D3-BF4B-00C04F79EFBC}") = "lesson_07_11", "lesson_07_11\lesson_07_11.csproj", "{5ABADFA9-C01E-4CC3-8C65-8BA92A701199}"
EndProject
Project("{FAE04EC0-301F-11D3-BF4B-00C04F79EFBC}") = "lesson_07_part2(listview)", "lesson_07_part2(listview)\lesson_07_part2(listview).csproj", "{A14FBE16-F8C4-4525-9CD6-58E291F02400}"
EndProject
Project("{FAE04EC0-301F-11D3-BF4B-00C04F79EFBC}") = "lesson_09_11", "lesson_09_11\lesson_09_11.csproj", "{AE0AA0D3-91FF-4D4C-ACE8-EE6E62139228}"
EndProject
Project("{FAE04EC0-301F-11D3-BF4B-00C04F79EFBC}") = "homework_11_11", "homework_11_11\homework_11_11.csproj", "{96A838A0-1FC7-450E-BEEC-097E05A3CFB8}"
EndProject
Project("{FAE04EC0-301F-11D3-BF4B-00C04F79EFBC}") = "lesson_11_11", "lesson_11_11\lesson_11_11.csproj", "{72546687-8FA7-4BF0-8C5B-127F5199ACE1}"
EndProject
Project("{FAE04EC0-301F-11D3-BF4B-00C04F79EFBC}") = "homework_14_11", "homework_14_11\homework_14_11.csproj", "{BA211E8C-780B-4884-BAB4-3A9EA1A5C1B4}"
EndProject
Project("{FAE04EC0-301F-11D3-BF4B-00C04F79EFBC}") = "lesson_14_11", "lesson_14_11\lesson_14_11.csproj", "{955F2AAE-9F23-4533-816E-0B932D8DC0CE}"
EndProject
Project("{FAE04EC0-301F-11D3-BF4B-00C04F79EFBC}") = "test", "test\test.csproj", "{5455B895-29E7-47CD-BEF6-B911BE08CFEB}"
EndProject
Project("{FAE04EC0-301F-11D3-BF4B-00C04F79EFBC}") = "lesson_16_11", "lesson_16_11\lesson_16_11.csproj", "{DF974431-1989-4C11-A4EC-B3228671B35E}"
EndProject
Project("{FAE04EC0-301F-11D3-BF4B-00C04F79EFBC}") = "skins(lesson_18_11)", "skins(lesson_18_11)\skins(lesson_18_11).csproj", "{F277E5A4-9F71-4D21-8EB9-9A5BDDB2408E}"
EndProject
Project("{FAE04EC0-301F-11D3-BF4B-00C04F79EFBC}") = "Animation", "Animation\Animation.csproj", "{8A9DE50D-BBD2-49FF-BDB6-51FA60930E12}"
EndProject
Project("{FAE04EC0-301F-11D3-BF4B-00C04F79EFBC}") = "keyboard_prj", "keyboard_prj\keyboard_prj.csproj", "{0A60C24C-DF61-4248-BEA5-6E8E7C65AA21}"
EndProject
Global
	GlobalSection(SolutionConfigurationPlatforms) = preSolution
		Debug|Any CPU = Debug|Any CPU
		Release|Any CPU = Release|Any CPU
	EndGlobalSection
	GlobalSection(ProjectConfigurationPlatforms) = postSolution
		{814D420C-B005-4906-BBCF-745494E6FC3D}.Debug|Any CPU.ActiveCfg = Debug|Any CPU
		{814D420C-B005-4906-BBCF-745494E6FC3D}.Debug|Any CPU.Build.0 = Debug|Any CPU
		{814D420C-B005-4906-BBCF-745494E6FC3D}.Release|Any CPU.ActiveCfg = Release|Any CPU
		{814D420C-B005-4906-BBCF-745494E6FC3D}.Release|Any CPU.Build.0 = Release|Any CPU
		{579AB460-BC56-431A-ABF9-BD425A62ACF0}.Debug|Any CPU.ActiveCfg = Debug|Any CPU
		{579AB460-BC56-431A-ABF9-BD425A62ACF0}.Debug|Any CPU.Build.0 = Debug|Any CPU
		{579AB460-BC56-431A-ABF9-BD425A62ACF0}.Release|Any CPU.ActiveCfg = Release|Any CPU
		{579AB460-BC56-431A-ABF9-BD425A62ACF0}.Release|Any CPU.Build.0 = Release|Any CPU
		{27A7381E-DFD6-444C-A781-5E4ED32A8565}.Debug|Any CPU.ActiveCfg = Debug|Any CPU
		{27A7381E-DFD6-444C-A781-5E4ED32A8565}.Debug|Any CPU.Build.0 = Debug|Any CPU
		{27A7381E-DFD6-444C-A781-5E4ED32A8565}.Release|Any CPU.ActiveCfg = Release|Any CPU
		{27A7381E-DFD6-444C-A781-5E4ED32A8565}.Release|Any CPU.Build.0 = Release|Any CPU
		{5ABADFA9-C01E-4CC3-8C65-8BA92A701199}.Debug|Any CPU.ActiveCfg = Debug|Any CPU
		{5ABADFA9-C01E-4CC3-8C65-8BA92A701199}.Debug|Any CPU.Build.0 = Debug|Any CPU
		{5ABADFA9-C01E-4CC3-8C65-8BA92A701199}.Release|Any CPU.ActiveCfg = Release|Any CPU
		{5ABADFA9-C01E-4CC3-8C65-8BA92A701199}.Release|Any CPU.Build.0 = Release|Any CPU
		{A14FBE16-F8C4-4525-9CD6-58E291F02400}.Debug|Any CPU.ActiveCfg = Debug|Any CPU
		{A14FBE16-F8C4-4525-9CD6-58E291F02400}.Debug|Any CPU.Build.0 = Debug|Any CPU
		{A14FBE16-F8C4-4525-9CD6-58E291F02400}.Release|Any CPU.ActiveCfg = Release|Any CPU
		{A14FBE16-F8C4-4525-9CD6-58E291F02400}.Release|Any CPU.Build.0 = Release|Any CPU
		{AE0AA0D3-91FF-4D4C-ACE8-EE6E62139228}.Debug|Any CPU.ActiveCfg = Debug|Any CPU
		{AE0AA0D3-91FF-4D4C-ACE8-EE6E62139228}.Debug|Any CPU.Build.0 = Debug|Any CPU
		{AE0AA0D3-91FF-4D4C-ACE8-EE6E62139228}.Release|Any CPU.ActiveCfg = Release|Any CPU
		{AE0AA0D3-91FF-4D4C-ACE8-EE6E62139228}.Release|Any CPU.Build.0 = Release|Any CPU
		{96A838A0-1FC7-450E-BEEC-097E05A3CFB8}.Debug|Any CPU.ActiveCfg = Debug|Any CPU
		{96A838A0-1FC7-450E-BEEC-097E05A3CFB8}.Debug|Any CPU.Build.0 = Debug|Any CPU
		{96A838A0-1FC7-450E-BEEC-097E05A3CFB8}.Release|Any CPU.ActiveCfg = Release|Any CPU
		{96A838A0-1FC7-450E-BEEC-097E05A3CFB8}.Release|Any CPU.Build.0 = Release|Any CPU
		{72546687-8FA7-4BF0-8C5B-127F5199ACE1}.Debug|Any CPU.ActiveCfg = Debug|Any CPU
		{72546687-8FA7-4BF0-8C5B-127F5199ACE1}.Debug|Any CPU.Build.0 = Debug|Any CPU
		{72546687-8FA7-4BF0-8C5B-127F5199ACE1}.Release|Any CPU.ActiveCfg = Release|Any CPU
		{72546687-8FA7-4BF0-8C5B-127F5199ACE1}.Release|Any CPU.Build.0 = Release|Any CPU
		{BA211E8C-780B-4884-BAB4-3A9EA1A5C1B4}.Debug|Any CPU.ActiveCfg = Debug|Any CPU
		{BA211E8C-780B-4884-BAB4-3A9EA1A5C1B4}.Debug|Any CPU.Build.0 = Debug|Any CPU
		{BA211E8C-780B-4884-BAB4-3A9EA1A5C1B4}.Release|Any CPU.ActiveCfg = Release|Any CPU
		{BA211E8C-780B-4884-BAB4-3A9EA1A5C1B4}.Release|Any CPU.Build.0 = Release|Any CPU
		{955F2AAE-9F23-4533-816E-0B932D8DC0CE}.Debug|Any CPU.ActiveCfg = Debug|Any CPU
		{955F2AAE-9F23-4533-816E-0B932D8DC0CE}.Debug|Any CPU.Build.0 = Debug|Any CPU
		{955F2AAE-9F23-4533-816E-0B932D8DC0CE}.Release|Any CPU.ActiveCfg = Release|Any CPU
		{955F2AAE-9F23-4533-816E-0B932D8DC0CE}.Release|Any CPU.Build.0 = Release|Any CPU
		{5455B895-29E7-47CD-BEF6-B911BE08CFEB}.Debug|Any CPU.ActiveCfg = Debug|Any CPU
		{5455B895-29E7-47CD-BEF6-B911BE08CFEB}.Debug|Any CPU.Build.0 = Debug|Any CPU
		{5455B895-29E7-47CD-BEF6-B911BE08CFEB}.Release|Any CPU.ActiveCfg = Release|Any CPU
		{5455B895-29E7-47CD-BEF6-B911BE08CFEB}.Release|Any CPU.Build.0 = Release|Any CPU
		{DF974431-1989-4C11-A4EC-B3228671B35E}.Debug|Any CPU.ActiveCfg = Debug|Any CPU
		{DF974431-1989-4C11-A4EC-B3228671B35E}.Debug|Any CPU.Build.0 = Debug|Any CPU
		{DF974431-1989-4C11-A4EC-B3228671B35E}.Release|Any CPU.ActiveCfg = Release|Any CPU
		{DF974431-1989-4C11-A4EC-B3228671B35E}.Release|Any CPU.Build.0 = Release|Any CPU
		{F277E5A4-9F71-4D21-8EB9-9A5BDDB2408E}.Debug|Any CPU.ActiveCfg = Debug|Any CPU
		{F277E5A4-9F71-4D21-8EB9-9A5BDDB2408E}.Debug|Any CPU.Build.0 = Debug|Any CPU
		{F277E5A4-9F71-4D21-8EB9-9A5BDDB2408E}.Release|Any CPU.ActiveCfg = Release|Any CPU
		{F277E5A4-9F71-4D21-8EB9-9A5BDDB2408E}.Release|Any CPU.Build.0 = Release|Any CPU
		{8A9DE50D-BBD2-49FF-BDB6-51FA60930E12}.Debug|Any CPU.ActiveCfg = Debug|Any CPU
		{8A9DE50D-BBD2-49FF-BDB6-51FA60930E12}.Debug|Any CPU.Build.0 = Debug|Any CPU
		{8A9DE50D-BBD2-49FF-BDB6-51FA60930E12}.Release|Any CPU.ActiveCfg = Release|Any CPU
		{8A9DE50D-BBD2-49FF-BDB6-51FA60930E12}.Release|Any CPU.Build.0 = Release|Any CPU
		{0A60C24C-DF61-4248-BEA5-6E8E7C65AA21}.Debug|Any CPU.ActiveCfg = Debug|Any CPU
		{0A60C24C-DF61-4248-BEA5-6E8E7C65AA21}.Debug|Any CPU.Build.0 = Debug|Any CPU
		{0A60C24C-DF61-4248-BEA5-6E8E7C65AA21}.Release|Any CPU.ActiveCfg = Release|Any CPU
		{0A60C24C-DF61-4248-BEA5-6E8E7C65AA21}.Release|Any CPU.Build.0 = Release|Any CPU
	EndGlobalSection
	GlobalSection(SolutionProperties) = preSolution
		HideSolutionNode = FALSE
	EndGlobalSection
	GlobalSection(ExtensibilityGlobals) = postSolution
		SolutionGuid = {4288960F-28B2-4C12-B09B-2F87BB75BCE7}
	EndGlobalSection
EndGlobal
